
Microsoft Visual Studio Solution File, Format Version 12.00
# Visual Studio Version 16
VisualStudioVersion = 16.6.30114.105
MinimumVisualStudioVersion = 10.0.40219.1
Project("{FAE04EC0-301F-11D3-BF4B-00C04F79EFBC}") = "API", "API\API.csproj", "{20DBCCDD-CBFF-4E12-BAAB-89D92232B631}"
EndProject
Project("{FAE04EC0-301F-11D3-BF4B-00C04F79EFBC}") = "Application", "Application\Application.csproj", "{1D04F72C-528A-4FCF-9095-57FE0EE0B310}"
EndProject
Project("{FAE04EC0-301F-11D3-BF4B-00C04F79EFBC}") = "Domain", "Domain\Domain.csproj", "{ABED5C6F-0E04-445F-8D86-49FD1D8754EB}"
EndProject
Project("{FAE04EC0-301F-11D3-BF4B-00C04F79EFBC}") = "Persistence", "Persistence\Persistence.csproj", "{F547726C-F09A-4C3B-B27E-0F13FB941E65}"
EndProject
Global
	GlobalSection(SolutionConfigurationPlatforms) = preSolution
		Debug|Any CPU = Debug|Any CPU
		Debug|x64 = Debug|x64
		Debug|x86 = Debug|x86
		Release|Any CPU = Release|Any CPU
		Release|x64 = Release|x64
		Release|x86 = Release|x86
	EndGlobalSection
	GlobalSection(SolutionProperties) = preSolution
		HideSolutionNode = FALSE
	EndGlobalSection
	GlobalSection(ProjectConfigurationPlatforms) = postSolution
		{20DBCCDD-CBFF-4E12-BAAB-89D92232B631}.Debug|Any CPU.ActiveCfg = Debug|Any CPU
		{20DBCCDD-CBFF-4E12-BAAB-89D92232B631}.Debug|Any CPU.Build.0 = Debug|Any CPU
		{20DBCCDD-CBFF-4E12-BAAB-89D92232B631}.Debug|x64.ActiveCfg = Debug|Any CPU
		{20DBCCDD-CBFF-4E12-BAAB-89D92232B631}.Debug|x64.Build.0 = Debug|Any CPU
		{20DBCCDD-CBFF-4E12-BAAB-89D92232B631}.Debug|x86.ActiveCfg = Debug|Any CPU
		{20DBCCDD-CBFF-4E12-BAAB-89D92232B631}.Debug|x86.Build.0 = Debug|Any CPU
		{20DBCCDD-CBFF-4E12-BAAB-89D92232B631}.Release|Any CPU.ActiveCfg = Release|Any CPU
		{20DBCCDD-CBFF-4E12-BAAB-89D92232B631}.Release|Any CPU.Build.0 = Release|Any CPU
		{20DBCCDD-CBFF-4E12-BAAB-89D92232B631}.Release|x64.ActiveCfg = Release|Any CPU
		{20DBCCDD-CBFF-4E12-BAAB-89D92232B631}.Release|x64.Build.0 = Release|Any CPU
		{20DBCCDD-CBFF-4E12-BAAB-89D92232B631}.Release|x86.ActiveCfg = Release|Any CPU
		{20DBCCDD-CBFF-4E12-BAAB-89D92232B631}.Release|x86.Build.0 = Release|Any CPU
		{1D04F72C-528A-4FCF-9095-57FE0EE0B310}.Debug|Any CPU.ActiveCfg = Debug|Any CPU
		{1D04F72C-528A-4FCF-9095-57FE0EE0B310}.Debug|Any CPU.Build.0 = Debug|Any CPU
		{1D04F72C-528A-4FCF-9095-57FE0EE0B310}.Debug|x64.ActiveCfg = Debug|Any CPU
		{1D04F72C-528A-4FCF-9095-57FE0EE0B310}.Debug|x64.Build.0 = Debug|Any CPU
		{1D04F72C-528A-4FCF-9095-57FE0EE0B310}.Debug|x86.ActiveCfg = Debug|Any CPU
		{1D04F72C-528A-4FCF-9095-57FE0EE0B310}.Debug|x86.Build.0 = Debug|Any CPU
		{1D04F72C-528A-4FCF-9095-57FE0EE0B310}.Release|Any CPU.ActiveCfg = Release|Any CPU
		{1D04F72C-528A-4FCF-9095-57FE0EE0B310}.Release|Any CPU.Build.0 = Release|Any CPU
		{1D04F72C-528A-4FCF-9095-57FE0EE0B310}.Release|x64.ActiveCfg = Release|Any CPU
		{1D04F72C-528A-4FCF-9095-57FE0EE0B310}.Release|x64.Build.0 = Release|Any CPU
		{1D04F72C-528A-4FCF-9095-57FE0EE0B310}.Release|x86.ActiveCfg = Release|Any CPU
		{1D04F72C-528A-4FCF-9095-57FE0EE0B310}.Release|x86.Build.0 = Release|Any CPU
		{ABED5C6F-0E04-445F-8D86-49FD1D8754EB}.Debug|Any CPU.ActiveCfg = Debug|Any CPU
		{ABED5C6F-0E04-445F-8D86-49FD1D8754EB}.Debug|Any CPU.Build.0 = Debug|Any CPU
		{ABED5C6F-0E04-445F-8D86-49FD1D8754EB}.Debug|x64.ActiveCfg = Debug|Any CPU
		{ABED5C6F-0E04-445F-8D86-49FD1D8754EB}.Debug|x64.Build.0 = Debug|Any CPU
		{ABED5C6F-0E04-445F-8D86-49FD1D8754EB}.Debug|x86.ActiveCfg = Debug|Any CPU
		{ABED5C6F-0E04-445F-8D86-49FD1D8754EB}.Debug|x86.Build.0 = Debug|Any CPU
		{ABED5C6F-0E04-445F-8D86-49FD1D8754EB}.Release|Any CPU.ActiveCfg = Release|Any CPU
		{ABED5C6F-0E04-445F-8D86-49FD1D8754EB}.Release|Any CPU.Build.0 = Release|Any CPU
		{ABED5C6F-0E04-445F-8D86-49FD1D8754EB}.Release|x64.ActiveCfg = Release|Any CPU
		{ABED5C6F-0E04-445F-8D86-49FD1D8754EB}.Release|x64.Build.0 = Release|Any CPU
		{ABED5C6F-0E04-445F-8D86-49FD1D8754EB}.Release|x86.ActiveCfg = Release|Any CPU
		{ABED5C6F-0E04-445F-8D86-49FD1D8754EB}.Release|x86.Build.0 = Release|Any CPU
		{F547726C-F09A-4C3B-B27E-0F13FB941E65}.Debug|Any CPU.ActiveCfg = Debug|Any CPU
		{F547726C-F09A-4C3B-B27E-0F13FB941E65}.Debug|Any CPU.Build.0 = Debug|Any CPU
		{F547726C-F09A-4C3B-B27E-0F13FB941E65}.Debug|x64.ActiveCfg = Debug|Any CPU
		{F547726C-F09A-4C3B-B27E-0F13FB941E65}.Debug|x64.Build.0 = Debug|Any CPU
		{F547726C-F09A-4C3B-B27E-0F13FB941E65}.Debug|x86.ActiveCfg = Debug|Any CPU
		{F547726C-F09A-4C3B-B27E-0F13FB941E65}.Debug|x86.Build.0 = Debug|Any CPU
		{F547726C-F09A-4C3B-B27E-0F13FB941E65}.Release|Any CPU.ActiveCfg = Release|Any CPU
		{F547726C-F09A-4C3B-B27E-0F13FB941E65}.Release|Any CPU.Build.0 = Release|Any CPU
		{F547726C-F09A-4C3B-B27E-0F13FB941E65}.Release|x64.ActiveCfg = Release|Any CPU
		{F547726C-F09A-4C3B-B27E-0F13FB941E65}.Release|x64.Build.0 = Release|Any CPU
		{F547726C-F09A-4C3B-B27E-0F13FB941E65}.Release|x86.ActiveCfg = Release|Any CPU
		{F547726C-F09A-4C3B-B27E-0F13FB941E65}.Release|x86.Build.0 = Release|Any CPU
	EndGlobalSection
EndGlobal
